
Microsoft Visual Studio Solution File, Format Version 12.00
# Visual Studio Version 16
VisualStudioVersion = 16.0.29424.173
MinimumVisualStudioVersion = 10.0.40219.1
Project("{FAE04EC0-301F-11D3-BF4B-00C04F79EFBC}") = "pizzaShop", "pizzaShop\pizzaShop.csproj", "{03F5920C-30F4-46F5-B705-A502D682A6CD}"
EndProject
Global
	GlobalSection(SolutionConfigurationPlatforms) = preSolution
		Debug|Any CPU = Debug|Any CPU
		Release|Any CPU = Release|Any CPU
	EndGlobalSection
	GlobalSection(ProjectConfigurationPlatforms) = postSolution
		{03F5920C-30F4-46F5-B705-A502D682A6CD}.Debug|Any CPU.ActiveCfg = Debug|Any CPU
		{03F5920C-30F4-46F5-B705-A502D682A6CD}.Debug|Any CPU.Build.0 = Debug|Any CPU
		{03F5920C-30F4-46F5-B705-A502D682A6CD}.Release|Any CPU.ActiveCfg = Release|Any CPU
		{03F5920C-30F4-46F5-B705-A502D682A6CD}.Release|Any CPU.Build.0 = Release|Any CPU
	EndGlobalSection
	GlobalSection(SolutionProperties) = preSolution
		HideSolutionNode = FALSE
	EndGlobalSection
	GlobalSection(ExtensibilityGlobals) = postSolution
		SolutionGuid = {65579E19-8533-49FB-B36D-8A0AF5EC017C}
	EndGlobalSection
EndGlobal
